PODS:
  - BlueSocket (0.12.94)
  - SwordRPC (0.2.2):
    - BlueSocket (~> 0.12)

DEPENDENCIES:
  - SwordRPC

SPEC REPOS:
  https://github.com/CocoaPods/Specs.git:
    - BlueSocket
    - SwordRPC

SPEC CHECKSUMS:
  BlueSocket: 184ff448002475bfb5d676286c2458da5d971f47
  SwordRPC: 7ed51064ea9e61c3c6833cf9de90a8be0ab36653

PODFILE CHECKSUM: da4fa604b08ce0b8f730715b001fdd3f797b1113

COCOAPODS: 1.9.3
